PODS:
  - Flutter (1.0.0)
  - wireguard_dart (0.0.1):
    - Flutter
    - WireGuardKit (= 0.3)
  - WireGuardKit (0.3)

DEPENDENCIES:
  - Flutter (from `Flutter`)
  - wireguard_dart (from `.symlinks/plugins/wireguard_dart/ios`)

SPEC REPOS:
  "git@github.com:mysteriumnetwork/cocoapodspecs.git":
    - WireGuardKit

EXTERNAL SOURCES:
  Flutter:
    :path: Flutter
  wireguard_dart:
    :path: ".symlinks/plugins/wireguard_dart/ios"

SPEC CHECKSUMS:
  Flutter: f04841e97a9d0b0a8025694d0796dd46242b2854
  wireguard_dart: c7f8a0327a1f19dc67146f47f5dc3f5d9e05bf19
  WireGuardKit: 39dd408680ffa8293e73ed5126a189a8feb4bf27

PODFILE CHECKSUM: 92aa51cedc755a3c5aacfc53212a9d523605e656

COCOAPODS: 1.12.0
